
Microsoft Visual Studio Solution File, Format Version 12.00
# Visual Studio Version 17
VisualStudioVersion = 17.1.31903.286
MinimumVisualStudioVersion = 10.0.40219.1
Project("{FAE04EC0-301F-11D3-BF4B-00C04F79EFBC}") = "OrderService", "src\OrderService\OrderService.csproj", "{A6EBB2DD-300C-4620-BD58-219E86E5192E}"
EndProject
Global
	GlobalSection(SolutionConfigurationPlatforms) = preSolution
		Debug|Any CPU = Debug|Any CPU
		Release|Any CPU = Release|Any CPU
	EndGlobalSection
	GlobalSection(ProjectConfigurationPlatforms) = postSolution
		{A6EBB2DD-300C-4620-BD58-219E86E5192E}.Debug|Any CPU.ActiveCfg = Debug|Any CPU
		{A6EBB2DD-300C-4620-BD58-219E86E5192E}.Debug|Any CPU.Build.0 = Debug|Any CPU
		{A6EBB2DD-300C-4620-BD58-219E86E5192E}.Release|Any CPU.ActiveCfg = Release|Any CPU
		{A6EBB2DD-300C-4620-BD58-219E86E5192E}.Release|Any CPU.Build.0 = Release|Any CPU
	EndGlobalSection
	GlobalSection(SolutionProperties) = preSolution
		HideSolutionNode = FALSE
	EndGlobalSection
	GlobalSection(ExtensibilityGlobals) = postSolution
		SolutionGuid = {ACDF32C1-0394-4122-9E5D-1620F44507B1}
	EndGlobalSection
EndGlobal
